
Microsoft Visual Studio Solution File, Format Version 12.00
# Visual Studio 2013
VisualStudioVersion = 12.0.40629.0
MinimumVisualStudioVersion = 10.0.40219.1
Project("{FAE04EC0-301F-11D3-BF4B-00C04F79EFBC}") = "Factorial", "Factorial\Factorial.csproj", "{E8ADCB8A-22FF-4642-9346-61E86EADC673}"
EndProject
Project("{FAE04EC0-301F-11D3-BF4B-00C04F79EFBC}") = "Factorial.Tests", "Factorial.Tests.Unit\Factorial.Tests.csproj", "{D2BE9CE1-7BB4-42F1-8CBE-229BF3F3E60A}"
EndProject
Global
	GlobalSection(SolutionConfigurationPlatforms) = preSolution
		Debug|Any CPU = Debug|Any CPU
		Release|Any CPU = Release|Any CPU
	EndGlobalSection
	GlobalSection(ProjectConfigurationPlatforms) = postSolution
		{E8ADCB8A-22FF-4642-9346-61E86EADC673}.Debug|Any CPU.ActiveCfg = Debug|Any CPU
		{E8ADCB8A-22FF-4642-9346-61E86EADC673}.Debug|Any CPU.Build.0 = Debug|Any CPU
		{E8ADCB8A-22FF-4642-9346-61E86EADC673}.Release|Any CPU.ActiveCfg = Release|Any CPU
		{E8ADCB8A-22FF-4642-9346-61E86EADC673}.Release|Any CPU.Build.0 = Release|Any CPU
		{D2BE9CE1-7BB4-42F1-8CBE-229BF3F3E60A}.Debug|Any CPU.ActiveCfg = Debug|Any CPU
		{D2BE9CE1-7BB4-42F1-8CBE-229BF3F3E60A}.Debug|Any CPU.Build.0 = Debug|Any CPU
		{D2BE9CE1-7BB4-42F1-8CBE-229BF3F3E60A}.Release|Any CPU.ActiveCfg = Release|Any CPU
		{D2BE9CE1-7BB4-42F1-8CBE-229BF3F3E60A}.Release|Any CPU.Build.0 = Release|Any CPU
	EndGlobalSection
	GlobalSection(SolutionProperties) = preSolution
		HideSolutionNode = FALSE
	EndGlobalSection
EndGlobal
